// !$*UTF8*$!
{
	archiveVersion = 1;
	classes = {
	};
	objectVersion = 50;
	objects = {

/* Begin PBXBuildFile section */
		B44EA38224D8573100B524D2 /* MotionReader.swift in Sources */ = {isa = PBXBuildFile; fileRef = B44EA38124D8573100B524D2 /* MotionReader.swift */; };
		B44EA38424D8576F00B524D2 /* View+Parallax.swift in Sources */ = {isa = PBXBuildFile; fileRef = B44EA38324D8576F00B524D2 /* View+Parallax.swift */; };
		B44EA38624D8578200B524D2 /* DeviceOrientation.swift in Sources */ = {isa = PBXBuildFile; fileRef = B44EA38524D8578200B524D2 /* DeviceOrientation.swift */; };
		B44EA38824D8579B00B524D2 /* CMMotionManager+Shared.swift in Sources */ = {isa = PBXBuildFile; fileRef = B44EA38724D8579B00B524D2 /* CMMotionManager+Shared.swift */; };
		B4FCC27224D539E900E18560 /* AppDelegate.swift in Sources */ = {isa = PBXBuildFile; fileRef = B4FCC27124D539E900E18560 /* AppDelegate.swift */; };
		B4FCC27424D539E900E18560 /* SceneDelegate.swift in Sources */ = {isa = PBXBuildFile; fileRef = B4FCC27324D539E900E18560 /* SceneDelegate.swift */; };
		B4FCC27624D539E900E18560 /* ContentView.swift in Sources */ = {isa = PBXBuildFile; fileRef = B4FCC27524D539E900E18560 /* ContentView.swift */; };
		B4FCC27824D539EB00E18560 /* Assets.xcassets in Resources */ = {isa = PBXBuildFile; fileRef = B4FCC27724D539EB00E18560 /* Assets.xcassets */; };
		B4FCC27B24D539EB00E18560 /* Preview Assets.xcassets in Resources */ = {isa = PBXBuildFile; fileRef = B4FCC27A24D539EB00E18560 /* Preview Assets.xcassets */; };
		B4FCC27E24D539EB00E18560 /* LaunchScreen.storyboard in Resources */ = {isa = PBXBuildFile; fileRef = B4FCC27C24D539EB00E18560 /* LaunchScreen.storyboard */; };
/* End PBXBuildFile section */

/* Begin PBXFileReference section */
		B44EA38124D8573100B524D2 /* MotionReader.swift */ = {isa = PBXFileReference; lastKnownFileType = sourcecode.swift; path = MotionReader.swift; sourceTree = "<group>"; };
		B44EA38324D8576F00B524D2 /* View+Parallax.swift */ = {isa = PBXFileReference; lastKnownFileType = sourcecode.swift; path = "View+Parallax.swift"; sourceTree = "<group>"; };
		B44EA38524D8578200B524D2 /* DeviceOrientation.swift */ = {isa = PBXFileReference; lastKnownFileType = sourcecode.swift; path = DeviceOrientation.swift; sourceTree = "<group>"; };
		B44EA38724D8579B00B524D2 /* CMMotionManager+Shared.swift */ = {isa = PBXFileReference; lastKnownFileType = sourcecode.swift; path = "CMMotionManager+Shared.swift"; sourceTree = "<group>"; };
		B4FCC26E24D539E900E18560 /* SwiftInMotion.app */ = {isa = PBXFileReference; explicitFileType = wrapper.application; includeInIndex = 0; path = SwiftInMotion.app; sourceTree = BUILT_PRODUCTS_DIR; };
		B4FCC27124D539E900E18560 /* AppDelegate.swift */ = {isa = PBXFileReference; lastKnownFileType = sourcecode.swift; path = AppDelegate.swift; sourceTree = "<group>"; };
		B4FCC27324D539E900E18560 /* SceneDelegate.swift */ = {isa = PBXFileReference; lastKnownFileType = sourcecode.swift; path = SceneDelegate.swift; sourceTree = "<group>"; };
		B4FCC27524D539E900E18560 /* ContentView.swift */ = {isa = PBXFileReference; lastKnownFileType = sourcecode.swift; path = ContentView.swift; sourceTree = "<group>"; };
		B4FCC27724D539EB00E18560 /* Assets.xcassets */ = {isa = PBXFileReference; lastKnownFileType = folder.assetcatalog; path = Assets.xcassets; sourceTree = "<group>"; };
		B4FCC27A24D539EB00E18560 /* Preview Assets.xcassets */ = {isa = PBXFileReference; lastKnownFileType = folder.assetcatalog; path = "Preview Assets.xcassets"; sourceTree = "<group>"; };
		B4FCC27D24D539EB00E18560 /* Base */ = {isa = PBXFileReference; lastKnownFileType = file.storyboard; name = Base; path = Base.lproj/LaunchScreen.storyboard; sourceTree = "<group>"; };
		B4FCC27F24D539EB00E18560 /* Info.plist */ = {isa = PBXFileReference; lastKnownFileType = text.plist.xml; path = Info.plist; sourceTree = "<group>"; };
/* End PBXFileReference section */

/* Begin PBXFrameworksBuildPhase section */
		B4FCC26B24D539E900E18560 /* Frameworks */ = {
			isa = PBXFrameworksBuildPhase;
			buildActionMask = 2147483647;
			files = (
			);
			runOnlyForDeploymentPostprocessing = 0;
		};
/* End PBXFrameworksBuildPhase section */

/* Begin PBXGroup section */
		B4FCC26524D539E900E18560 = {
			isa = PBXGroup;
			children = (
				B4FCC27024D539E900E18560 /* SwiftInMotion */,
				B4FCC26F24D539E900E18560 /* Products */,
			);
			sourceTree = "<group>";
		};
		B4FCC26F24D539E900E18560 /* Products */ = {
			isa = PBXGroup;
			children = (
				B4FCC26E24D539E900E18560 /* SwiftInMotion.app */,
			);
			name = Products;
			sourceTree = "<group>";
		};
		B4FCC27024D539E900E18560 /* SwiftInMotion */ = {
			isa = PBXGroup;
			children = (
				B4FCC28624D53A5C00E18560 /* Views */,
				B4FCC28524D53A5400E18560 /* App */,
				B4FCC27724D539EB00E18560 /* Assets.xcassets */,
				B4FCC27C24D539EB00E18560 /* LaunchScreen.storyboard */,
				B4FCC27F24D539EB00E18560 /* Info.plist */,
				B4FCC27924D539EB00E18560 /* Preview Content */,
				B44EA38524D8578200B524D2 /* DeviceOrientation.swift */,
				B44EA38724D8579B00B524D2 /* CMMotionManager+Shared.swift */,
			);
			path = SwiftInMotion;
			sourceTree = "<group>";
		};
		B4FCC27924D539EB00E18560 /* Preview Content */ = {
			isa = PBXGroup;
			children = (
				B4FCC27A24D539EB00E18560 /* Preview Assets.xcassets */,
			);
			path = "Preview Content";
			sourceTree = "<group>";
		};
		B4FCC28524D53A5400E18560 /* App */ = {
			isa = PBXGroup;
			children = (
				B4FCC27124D539E900E18560 /* AppDelegate.swift */,
				B4FCC27324D539E900E18560 /* SceneDelegate.swift */,
			);
			path = App;
			sourceTree = "<group>";
		};
		B4FCC28624D53A5C00E18560 /* Views */ = {
			isa = PBXGroup;
			children = (
				B4FCC27524D539E900E18560 /* ContentView.swift */,
				B44EA38124D8573100B524D2 /* MotionReader.swift */,
				B44EA38324D8576F00B524D2 /* View+Parallax.swift */,
			);
			path = Views;
			sourceTree = "<group>";
		};
/* End PBXGroup section */

/* Begin PBXNativeTarget section */
		B4FCC26D24D539E900E18560 /* SwiftInMotion */ = {
			isa = PBXNativeTarget;
			buildConfigurationList = B4FCC28224D539EB00E18560 /* Build configuration list for PBXNativeTarget "SwiftInMotion" */;
			buildPhases = (
				B4FCC26A24D539E900E18560 /* Sources */,
				B4FCC26B24D539E900E18560 /* Frameworks */,
				B4FCC26C24D539E900E18560 /* Resources */,
			);
			buildRules = (
			);
			dependencies = (
			);
			name = SwiftInMotion;
			productName = SwiftInMotion;
			productReference = B4FCC26E24D539E900E18560 /* SwiftInMotion.app */;
			productType = "com.apple.product-type.application";
		};
/* End PBXNativeTarget section */

/* Begin PBXProject section */
		B4FCC26624D539E900E18560 /* Project object */ = {
			isa = PBXProject;
			attributes = {
				LastSwiftUpdateCheck = 1160;
				LastUpgradeCheck = 1160;
				ORGANIZATIONNAME = "Mauricio Cardozo";
				TargetAttributes = {
					B4FCC26D24D539E900E18560 = {
						CreatedOnToolsVersion = 11.6;
					};
				};
			};
			buildConfigurationList = B4FCC26924D539E900E18560 /* Build configuration list for PBXProject "SwiftInMotion" */;
			compatibilityVersion = "Xcode 9.3";
			developmentRegion = en;
			hasScannedForEncodings = 0;
			knownRegions = (
				en,
				Base,
			);
			mainGroup = B4FCC26524D539E900E18560;
			productRefGroup = B4FCC26F24D539E900E18560 /* Products */;
			projectDirPath = "";
			projectRoot = "";
			targets = (
				B4FCC26D24D539E900E18560 /* SwiftInMotion */,
			);
		};
/* End PBXProject section */

/* Begin PBXResourcesBuildPhase section */
		B4FCC26C24D539E900E18560 /* Resources */ = {
			isa = PBXResourcesBuildPhase;
			buildActionMask = 2147483647;
			files = (
				B4FCC27E24D539EB00E18560 /* LaunchScreen.storyboard in Resources */,
				B4FCC27B24D539EB00E18560 /* Preview Assets.xcassets in Resources */,
				B4FCC27824D539EB00E18560 /* Assets.xcassets in Resources */,
			);
			runOnlyForDeploymentPostprocessing = 0;
		};
/* End PBXResourcesBuildPhase section */

/* Begin PBXSourcesBuildPhase section */
		B4FCC26A24D539E900E18560 /* Sources */ = {
			isa = PBXSourcesBuildPhase;
			buildActionMask = 2147483647;
			files = (
				B4FCC27224D539E900E18560 /* AppDelegate.swift in Sources */,
				B4FCC27424D539E900E18560 /* SceneDelegate.swift in Sources */,
				B44EA38424D8576F00B524D2 /* View+Parallax.swift in Sources */,
				B44EA38224D8573100B524D2 /* MotionReader.swift in Sources */,
				B44EA38824D8579B00B524D2 /* CMMotionManager+Shared.swift in Sources */,
				B44EA38624D8578200B524D2 /* DeviceOrientation.swift in Sources */,
				B4FCC27624D539E900E18560 /* ContentView.swift in Sources */,
			);
			runOnlyForDeploymentPostprocessing = 0;
		};
/* End PBXSourcesBuildPhase section */

/* Begin PBXVariantGroup section */
		B4FCC27C24D539EB00E18560 /* LaunchScreen.storyboard */ = {
			isa = PBXVariantGroup;
			children = (
				B4FCC27D24D539EB00E18560 /* Base */,
			);
			name = LaunchScreen.storyboard;
			sourceTree = "<group>";
		};
/* End PBXVariantGroup section */

/* Begin XCBuildConfiguration section */
		B4FCC28024D539EB00E18560 /* Debug */ = {
			isa = XCBuildConfiguration;
			buildSettings = {
				ALWAYS_SEARCH_USER_PATHS = NO;
				CLANG_ANALYZER_NONNULL = YES;
				CLANG_ANALYZER_NUMBER_OBJECT_CONVERSION = YES_AGGRESSIVE;
				CLANG_CXX_LANGUAGE_STANDARD = "gnu++14";
				CLANG_CXX_LIBRARY = "libc++";
				CLANG_ENABLE_MODULES = YES;
				CLANG_ENABLE_OBJC_ARC = YES;
				CLANG_ENABLE_OBJC_WEAK = YES;
				CLANG_WARN_BLOCK_CAPTURE_AUTORELEASING = YES;
				CLANG_WARN_BOOL_CONVERSION = YES;
				CLANG_WARN_COMMA = YES;
				CLANG_WARN_CONSTANT_CONVERSION = YES;
				CLANG_WARN_DEPRECATED_OBJC_IMPLEMENTATIONS = YES;
				CLANG_WARN_DIRECT_OBJC_ISA_USAGE = YES_ERROR;
				CLANG_WARN_DOCUMENTATION_COMMENTS = YES;
				CLANG_WARN_EMPTY_BODY = YES;
				CLANG_WARN_ENUM_CONVERSION = YES;
				CLANG_WARN_INFINITE_RECURSION = YES;
				CLANG_WARN_INT_CONVERSION = YES;
				CLANG_WARN_NON_LITERAL_NULL_CONVERSION = YES;
				CLANG_WARN_OBJC_IMPLICIT_RETAIN_SELF = YES;
				CLANG_WARN_OBJC_LITERAL_CONVERSION = YES;
				CLANG_WARN_OBJC_ROOT_CLASS = YES_ERROR;
				CLANG_WARN_RANGE_LOOP_ANALYSIS = YES;
				CLANG_WARN_STRICT_PROTOTYPES = YES;
				CLANG_WARN_SUSPICIOUS_MOVE = YES;
				CLANG_WARN_UNGUARDED_AVAILABILITY = YES_AGGRESSIVE;
				CLANG_WARN_UNREACHABLE_CODE = YES;
				CLANG_WARN__DUPLICATE_METHOD_MATCH = YES;
				COPY_PHASE_STRIP = NO;
				DEBUG_INFORMATION_FORMAT = dwarf;
				ENABLE_STRICT_OBJC_MSGSEND = YES;
				ENABLE_TESTABILITY = YES;
				GCC_C_LANGUAGE_STANDARD = gnu11;
				GCC_DYNAMIC_NO_PIC = NO;
				GCC_NO_COMMON_BLOCKS = YES;
				GCC_OPTIMIZATION_LEVEL = 0;
				GCC_PREPROCESSOR_DEFINITIONS = (
					"DEBUG=1",
					"$(inherited)",
				);
				GCC_WARN_64_TO_32_BIT_CONVERSION = YES;
				GCC_WARN_ABOUT_RETURN_TYPE = YES_ERROR;
				GCC_WARN_UNDECLARED_SELECTOR = YES;
				GCC_WARN_UNINITIALIZED_AUTOS = YES_AGGRESSIVE;
				GCC_WARN_UNUSED_FUNCTION = YES;
				GCC_WARN_UNUSED_VARIABLE = YES;
				IPHONEOS_DEPLOYMENT_TARGET = 13.6;
				MTL_ENABLE_DEBUG_INFO = INCLUDE_SOURCE;
				MTL_FAST_MATH = YES;
				ONLY_ACTIVE_ARCH = YES;
				SDKROOT = iphoneos;
				SWIFT_ACTIVE_COMPILATION_CONDITIONS = DEBUG;
				SWIFT_OPTIMIZATION_LEVEL = "-Onone";
			};
			name = Debug;
		};
		B4FCC28124D539EB00E18560 /* Release */ = {
			isa = XCBuildConfiguration;
			buildSettings = {
				ALWAYS_SEARCH_USER_PATHS = NO;
				CLANG_ANALYZER_NONNULL = YES;
				CLANG_ANALYZER_NUMBER_OBJECT_CONVERSION = YES_AGGRESSIVE;
				CLANG_CXX_LANGUAGE_STANDARD = "gnu++14";
				CLANG_CXX_LIBRARY = "libc++";
				CLANG_ENABLE_MODULES = YES;
				CLANG_ENABLE_OBJC_ARC = YES;
				CLANG_ENABLE_OBJC_WEAK = YES;
				CLANG_WARN_BLOCK_CAPTURE_AUTORELEASING = YES;
				CLANG_WARN_BOOL_CONVERSION = YES;
				CLANG_WARN_COMMA = YES;
				CLANG_WARN_CONSTANT_CONVERSION = YES;
				CLANG_WARN_DEPRECATED_OBJC_IMPLEMENTATIONS = YES;
				CLANG_WARN_DIRECT_OBJC_ISA_USAGE = YES_ERROR;
				CLANG_WARN_DOCUMENTATION_COMMENTS = YES;
				CLANG_WARN_EMPTY_BODY = YES;
				CLANG_WARN_ENUM_CONVERSION = YES;
				CLANG_WARN_INFINITE_RECURSION = YES;
				CLANG_WARN_INT_CONVERSION = YES;
				CLANG_WARN_NON_LITERAL_NULL_CONVERSION = YES;
				CLANG_WARN_OBJC_IMPLICIT_RETAIN_SELF = YES;
				CLANG_WARN_OBJC_LITERAL_CONVERSION = YES;
				CLANG_WARN_OBJC_ROOT_CLASS = YES_ERROR;
				CLANG_WARN_RANGE_LOOP_ANALYSIS = YES;
				CLANG_WARN_STRICT_PROTOTYPES = YES;
				CLANG_WARN_SUSPICIOUS_MOVE = YES;
				CLANG_WARN_UNGUARDED_AVAILABILITY = YES_AGGRESSIVE;
				CLANG_WARN_UNREACHABLE_CODE = YES;
				CLANG_WARN__DUPLICATE_METHOD_MATCH = YES;
				COPY_PHASE_STRIP = NO;
				DEBUG_INFORMATION_FORMAT = "dwarf-with-dsym";
				ENABLE_NS_ASSERTIONS = NO;
				ENABLE_STRICT_OBJC_MSGSEND = YES;
				GCC_C_LANGUAGE_STANDARD = gnu11;
				GCC_NO_COMMON_BLOCKS = YES;
				GCC_WARN_64_TO_32_BIT_CONVERSION = YES;
				GCC_WARN_ABOUT_RETURN_TYPE = YES_ERROR;
				GCC_WARN_UNDECLARED_SELECTOR = YES;
				GCC_WARN_UNINITIALIZED_AUTOS = YES_AGGRESSIVE;
				GCC_WARN_UNUSED_FUNCTION = YES;
				GCC_WARN_UNUSED_VARIABLE = YES;
				IPHONEOS_DEPLOYMENT_TARGET = 13.6;
				MTL_ENABLE_DEBUG_INFO = NO;
				MTL_FAST_MATH = YES;
				SDKROOT = iphoneos;
				SWIFT_COMPILATION_MODE = wholemodule;
				SWIFT_OPTIMIZATION_LEVEL = "-O";
				VALIDATE_PRODUCT = YES;
			};
			name = Release;
		};
		B4FCC28324D539EB00E18560 /* Debug */ = {
			isa = XCBuildConfiguration;
			buildSettings = {
				ASSETCATALOG_COMPILER_APPICON_NAME = AppIcon;
				CODE_SIGN_STYLE = Automatic;
				DEVELOPMENT_ASSET_PATHS = "\"SwiftInMotion/Preview Content\"";
				DEVELOPMENT_TEAM = 7N9Z7384YN;
				ENABLE_PREVIEWS = YES;
				INFOPLIST_FILE = SwiftInMotion/Info.plist;
				LD_RUNPATH_SEARCH_PATHS = (
					"$(inherited)",
					"@executable_path/Frameworks",
				);
				PRODUCT_BUNDLE_IDENTIFIER = me.mauriciocardozo.SwiftInMotion;
				PRODUCT_NAME = "$(TARGET_NAME)";
				SWIFT_VERSION = 5.0;
				TARGETED_DEVICE_FAMILY = "1,2";
			};
			name = Debug;
		};
		B4FCC28424D539EB00E18560 /* Release */ = {
			isa = XCBuildConfiguration;
			buildSettings = {
				ASSETCATALOG_COMPILER_APPICON_NAME = AppIcon;
				CODE_SIGN_STYLE = Automatic;
				DEVELOPMENT_ASSET_PATHS = "\"SwiftInMotion/Preview Content\"";
				DEVELOPMENT_TEAM = 7N9Z7384YN;
				ENABLE_PREVIEWS = YES;
				INFOPLIST_FILE = SwiftInMotion/Info.plist;
				LD_RUNPATH_SEARCH_PATHS = (
					"$(inherited)",
					"@executable_path/Frameworks",
				);
				PRODUCT_BUNDLE_IDENTIFIER = me.mauriciocardozo.SwiftInMotion;
				PRODUCT_NAME = "$(TARGET_NAME)";
				SWIFT_VERSION = 5.0;
				TARGETED_DEVICE_FAMILY = "1,2";
			};
			name = Release;
		};
/* End XCBuildConfiguration section */

/* Begin XCConfigurationList section */
		B4FCC26924D539E900E18560 /* Build configuration list for PBXProject "SwiftInMotion" */ = {
			isa = XCConfigurationList;
			buildConfigurations = (
				B4FCC28024D539EB00E18560 /* Debug */,
				B4FCC28124D539EB00E18560 /* Release */,
			);
			defaultConfigurationIsVisible = 0;
			defaultConfigurationName = Release;
		};
		B4FCC28224D539EB00E18560 /* Build configuration list for PBXNativeTarget "SwiftInMotion" */ = {
			isa = XCConfigurationList;
			buildConfigurations = (
				B4FCC28324D539EB00E18560 /* Debug */,
				B4FCC28424D539EB00E18560 /* Release */,
			);
			defaultConfigurationIsVisible = 0;
			defaultConfigurationName = Release;
		};
/* End XCConfigurationList section */
	};
	rootObject = B4FCC26624D539E900E18560 /* Project object */;
}
